
Microsoft Visual Studio Solution File, Format Version 12.00
# Visual Studio Version 16
VisualStudioVersion = 16.0.30204.135
MinimumVisualStudioVersion = 10.0.40219.1
Project("{FAE04EC0-301F-11D3-BF4B-00C04F79EFBC}") = "LinkifyApp", "LinkifyApp\LinkifyApp.csproj", "{74C65C61-88A8-43F4-8FBA-904AEEAEC80E}"
EndProject
Global
	GlobalSection(SolutionConfigurationPlatforms) = preSolution
		Debug|Any CPU = Debug|Any CPU
		Release|Any CPU = Release|Any CPU
	EndGlobalSection
	GlobalSection(ProjectConfigurationPlatforms) = postSolution
		{74C65C61-88A8-43F4-8FBA-904AEEAEC80E}.Debug|Any CPU.ActiveCfg = Debug|Any CPU
		{74C65C61-88A8-43F4-8FBA-904AEEAEC80E}.Debug|Any CPU.Build.0 = Debug|Any CPU
		{74C65C61-88A8-43F4-8FBA-904AEEAEC80E}.Release|Any CPU.ActiveCfg = Release|Any CPU
		{74C65C61-88A8-43F4-8FBA-904AEEAEC80E}.Release|Any CPU.Build.0 = Release|Any CPU
	EndGlobalSection
	GlobalSection(SolutionProperties) = preSolution
		HideSolutionNode = FALSE
	EndGlobalSection
	GlobalSection(ExtensibilityGlobals) = postSolution
		SolutionGuid = {186C8927-B0B2-4D40-831A-9934247874D6}
	EndGlobalSection
EndGlobal
